
Microsoft Visual Studio Solution File, Format Version 12.00
Project("{FAE04EC0-301F-11D3-BF4B-00C04F79EFBC}") = "API", "API\src\API\API.csproj", "{6732374A-F7E5-4189-8BD9-F52F1604AE94}"
EndProject
Project("{FAE04EC0-301F-11D3-BF4B-00C04F79EFBC}") = "Domain", "Domain\Domain.csproj", "{242BE12B-EBC0-4087-9D47-C7EC5F773CC1}"
EndProject
Project("{FAE04EC0-301F-11D3-BF4B-00C04F79EFBC}") = "Commom", "Commom\Commom.csproj", "{985C8E43-1B4B-4F89-B940-F7B2C3B7032C}"
EndProject
Project("{2150E333-8FDC-42A3-9474-1A3956D46DE8}") = "01 - Backend", "01 - Backend", "{18EB4A92-11AB-44A7-8841-658A50740A6F}"
EndProject
Project("{2150E333-8FDC-42A3-9474-1A3956D46DE8}") = "02 - Frontend", "02 - Frontend", "{63541AE6-1526-48CC-90B2-5644160B3FB3}"
EndProject
Project("{FAE04EC0-301F-11D3-BF4B-00C04F79EFBC}") = "WebApp", "WebApp\WebApp.csproj", "{FE42AD28-D060-465B-BDCC-A029105A578F}"
EndProject
Project("{FAE04EC0-301F-11D3-BF4B-00C04F79EFBC}") = "Infrastructure", "Infrastructure\Infrastructure.csproj", "{161F87E0-F982-4FCA-9970-F5DC647DBBFA}"
EndProject
Project("{2150E333-8FDC-42A3-9474-1A3956D46DE8}") = "Solution Items", "Solution Items", "{DE282276-0705-4BF0-AAC9-E1A68843B531}"
	ProjectSection(SolutionItems) = preProject
		docker-compose.yml = docker-compose.yml
	EndProjectSection
EndProject
Project("{FAE04EC0-301F-11D3-BF4B-00C04F79EFBC}") = "Application", "Application\Application.csproj", "{EEFA022F-5415-4F6A-88C6-5942A56BD57F}"
EndProject
Project("{2150E333-8FDC-42A3-9474-1A3956D46DE8}") = "04 - Tests", "04 - Tests", "{50D8E0D2-AC08-4F2E-B6E4-9C7B869799CA}"
EndProject
Project("{2150E333-8FDC-42A3-9474-1A3956D46DE8}") = "03 - Commom", "03 - Commom", "{DEC6C6A7-37F2-45DC-B3D4-DD8AB00E5C37}"
EndProject
Project("{FAE04EC0-301F-11D3-BF4B-00C04F79EFBC}") = "Backend.Tests", "Backend.Tests\Backend.Tests.csproj", "{53D3F1E7-196D-4E55-AEAE-98EF40E20690}"
EndProject
Global
	GlobalSection(SolutionConfigurationPlatforms) = preSolution
		Debug|Any CPU = Debug|Any CPU
		Release|Any CPU = Release|Any CPU
	EndGlobalSection
	GlobalSection(ProjectConfigurationPlatforms) = postSolution
		{6732374A-F7E5-4189-8BD9-F52F1604AE94}.Debug|Any CPU.ActiveCfg = Debug|Any CPU
		{6732374A-F7E5-4189-8BD9-F52F1604AE94}.Debug|Any CPU.Build.0 = Debug|Any CPU
		{6732374A-F7E5-4189-8BD9-F52F1604AE94}.Release|Any CPU.ActiveCfg = Release|Any CPU
		{6732374A-F7E5-4189-8BD9-F52F1604AE94}.Release|Any CPU.Build.0 = Release|Any CPU
		{242BE12B-EBC0-4087-9D47-C7EC5F773CC1}.Debug|Any CPU.ActiveCfg = Debug|Any CPU
		{242BE12B-EBC0-4087-9D47-C7EC5F773CC1}.Debug|Any CPU.Build.0 = Debug|Any CPU
		{242BE12B-EBC0-4087-9D47-C7EC5F773CC1}.Release|Any CPU.ActiveCfg = Release|Any CPU
		{242BE12B-EBC0-4087-9D47-C7EC5F773CC1}.Release|Any CPU.Build.0 = Release|Any CPU
		{985C8E43-1B4B-4F89-B940-F7B2C3B7032C}.Debug|Any CPU.ActiveCfg = Debug|Any CPU
		{985C8E43-1B4B-4F89-B940-F7B2C3B7032C}.Debug|Any CPU.Build.0 = Debug|Any CPU
		{985C8E43-1B4B-4F89-B940-F7B2C3B7032C}.Release|Any CPU.ActiveCfg = Release|Any CPU
		{985C8E43-1B4B-4F89-B940-F7B2C3B7032C}.Release|Any CPU.Build.0 = Release|Any CPU
		{FE42AD28-D060-465B-BDCC-A029105A578F}.Debug|Any CPU.ActiveCfg = Debug|Any CPU
		{FE42AD28-D060-465B-BDCC-A029105A578F}.Debug|Any CPU.Build.0 = Debug|Any CPU
		{FE42AD28-D060-465B-BDCC-A029105A578F}.Release|Any CPU.ActiveCfg = Release|Any CPU
		{FE42AD28-D060-465B-BDCC-A029105A578F}.Release|Any CPU.Build.0 = Release|Any CPU
		{161F87E0-F982-4FCA-9970-F5DC647DBBFA}.Debug|Any CPU.ActiveCfg = Debug|Any CPU
		{161F87E0-F982-4FCA-9970-F5DC647DBBFA}.Debug|Any CPU.Build.0 = Debug|Any CPU
		{161F87E0-F982-4FCA-9970-F5DC647DBBFA}.Release|Any CPU.ActiveCfg = Release|Any CPU
		{161F87E0-F982-4FCA-9970-F5DC647DBBFA}.Release|Any CPU.Build.0 = Release|Any CPU
		{EEFA022F-5415-4F6A-88C6-5942A56BD57F}.Debug|Any CPU.ActiveCfg = Debug|Any CPU
		{EEFA022F-5415-4F6A-88C6-5942A56BD57F}.Debug|Any CPU.Build.0 = Debug|Any CPU
		{EEFA022F-5415-4F6A-88C6-5942A56BD57F}.Release|Any CPU.ActiveCfg = Release|Any CPU
		{EEFA022F-5415-4F6A-88C6-5942A56BD57F}.Release|Any CPU.Build.0 = Release|Any CPU
		{53D3F1E7-196D-4E55-AEAE-98EF40E20690}.Debug|Any CPU.ActiveCfg = Debug|Any CPU
		{53D3F1E7-196D-4E55-AEAE-98EF40E20690}.Debug|Any CPU.Build.0 = Debug|Any CPU
		{53D3F1E7-196D-4E55-AEAE-98EF40E20690}.Release|Any CPU.ActiveCfg = Release|Any CPU
		{53D3F1E7-196D-4E55-AEAE-98EF40E20690}.Release|Any CPU.Build.0 = Release|Any CPU
	EndGlobalSection
	GlobalSection(NestedProjects) = preSolution
		{6732374A-F7E5-4189-8BD9-F52F1604AE94} = {18EB4A92-11AB-44A7-8841-658A50740A6F}
		{242BE12B-EBC0-4087-9D47-C7EC5F773CC1} = {18EB4A92-11AB-44A7-8841-658A50740A6F}
		{FE42AD28-D060-465B-BDCC-A029105A578F} = {63541AE6-1526-48CC-90B2-5644160B3FB3}
		{161F87E0-F982-4FCA-9970-F5DC647DBBFA} = {18EB4A92-11AB-44A7-8841-658A50740A6F}
		{EEFA022F-5415-4F6A-88C6-5942A56BD57F} = {18EB4A92-11AB-44A7-8841-658A50740A6F}
		{985C8E43-1B4B-4F89-B940-F7B2C3B7032C} = {DEC6C6A7-37F2-45DC-B3D4-DD8AB00E5C37}
		{53D3F1E7-196D-4E55-AEAE-98EF40E20690} = {50D8E0D2-AC08-4F2E-B6E4-9C7B869799CA}
	EndGlobalSection
EndGlobal
